// !$*UTF8*$!
{
	archiveVersion = 1;
	classes = {
	};
	objectVersion = 46;
	objects = {

/* Begin PBXBuildFile section */
		289AEF221F2731B300900C6E /* HistoryDataSource.swift in Sources */ = {isa = PBXBuildFile; fileRef = 289AEF211F2731B200900C6E /* HistoryDataSource.swift */; };
		28A359C51F23BD2500F2AE59 /* MenuOperator.swift in Sources */ = {isa = PBXBuildFile; fileRef = 28A359C41F23BD2500F2AE59 /* MenuOperator.swift */; };
		28A359C71F23D70800F2AE59 /* ParkingStartVCDataSource.swift in Sources */ = {isa = PBXBuildFile; fileRef = 28A359C61F23D70800F2AE59 /* ParkingStartVCDataSource.swift */; };
		28A359C91F23EBFD00F2AE59 /* ParkingZone.swift in Sources */ = {isa = PBXBuildFile; fileRef = 28A359C81F23EBFD00F2AE59 /* ParkingZone.swift */; };
		28A359CC1F23F0C600F2AE59 /* APIClient.swift in Sources */ = {isa = PBXBuildFile; fileRef = 28A359CB1F23F0C600F2AE59 /* APIClient.swift */; };
		28A359DC1F2502B600F2AE59 /* ListVC.swift in Sources */ = {isa = PBXBuildFile; fileRef = 28A359DA1F2502B600F2AE59 /* ListVC.swift */; };
		28A359DD1F2502B600F2AE59 /* ListVCCellModel.swift in Sources */ = {isa = PBXBuildFile; fileRef = 28A359DB1F2502B600F2AE59 /* ListVCCellModel.swift */; };
		28A359DF1F2503F800F2AE59 /* ParkingActionDataSource.swift in Sources */ = {isa = PBXBuildFile; fileRef = 28A359DE1F2503F800F2AE59 /* ParkingActionDataSource.swift */; };
		28A359E11F2504B500F2AE59 /* ParkingAction.swift in Sources */ = {isa = PBXBuildFile; fileRef = 28A359E01F2504B500F2AE59 /* ParkingAction.swift */; };
		28A359E31F25053E00F2AE59 /* Vehicle.swift in Sources */ = {isa = PBXBuildFile; fileRef = 28A359E21F25053E00F2AE59 /* Vehicle.swift */; };
		28A359E51F25158C00F2AE59 /* ProfileDataSource.swift in Sources */ = {isa = PBXBuildFile; fileRef = 28A359E41F25158C00F2AE59 /* ProfileDataSource.swift */; };
		28A359E71F2529B000F2AE59 /* VehiclesListDataSource.swift in Sources */ = {isa = PBXBuildFile; fileRef = 28A359E61F2529B000F2AE59 /* VehiclesListDataSource.swift */; };
		28A359E91F252D5200F2AE59 /* ListInputCell.swift in Sources */ = {isa = PBXBuildFile; fileRef = 28A359E81F252D5200F2AE59 /* ListInputCell.swift */; };
		28EC64A61F22759A00555D9C /* AppDelegate.swift in Sources */ = {isa = PBXBuildFile; fileRef = 28EC64A51F22759A00555D9C /* AppDelegate.swift */; };
		28EC64AB1F22759A00555D9C /* Main.storyboard in Resources */ = {isa = PBXBuildFile; fileRef = 28EC64A91F22759A00555D9C /* Main.storyboard */; };
		28EC64AD1F22759A00555D9C /* Assets.xcassets in Resources */ = {isa = PBXBuildFile; fileRef = 28EC64AC1F22759A00555D9C /* Assets.xcassets */; };
		28EC64B01F22759A00555D9C /* LaunchScreen.storyboard in Resources */ = {isa = PBXBuildFile; fileRef = 28EC64AE1F22759A00555D9C /* LaunchScreen.storyboard */; };
		28EC64BB1F22759A00555D9C /* solid_palm_treeTests.swift in Sources */ = {isa = PBXBuildFile; fileRef = 28EC64BA1F22759A00555D9C /* solid_palm_treeTests.swift */; };
		28EC64C61F22762900555D9C /* Interactor.swift in Sources */ = {isa = PBXBuildFile; fileRef = 28EC64C51F22762900555D9C /* Interactor.swift */; };
		28EC64CB1F227CFA00555D9C /* SceneFactory.swift in Sources */ = {isa = PBXBuildFile; fileRef = 28EC64CA1F227CFA00555D9C /* SceneFactory.swift */; };
		28EC64CE1F232C7C00555D9C /* DataService.swift in Sources */ = {isa = PBXBuildFile; fileRef = 28EC64CD1F232C7C00555D9C /* DataService.swift */; };
		28EC64D01F232C9700555D9C /* User.swift in Sources */ = {isa = PBXBuildFile; fileRef = 28EC64CF1F232C9700555D9C /* User.swift */; };
		28EC64DC1F2330A700555D9C /* ParkingStartVC.swift in Sources */ = {isa = PBXBuildFile; fileRef = 28EC64DB1F2330A700555D9C /* ParkingStartVC.swift */; };
		28EC64DE1F23456100555D9C /* LoginVCDataSource.swift in Sources */ = {isa = PBXBuildFile; fileRef = 28EC64DD1F23456100555D9C /* LoginVCDataSource.swift */; };
		28EC64E51F23A67C00555D9C /* MapKit.framework in Frameworks */ = {isa = PBXBuildFile; fileRef = 28EC64E41F23A67C00555D9C /* MapKit.framework */; };
/* End PBXBuildFile section */

/* Begin PBXContainerItemProxy section */
		28EC64B71F22759A00555D9C /* PBXContainerItemProxy */ = {
			isa = PBXContainerItemProxy;
			containerPortal = 28EC649A1F22759A00555D9C /* Project object */;
			proxyType = 1;
			remoteGlobalIDString = 28EC64A11F22759A00555D9C;
			remoteInfo = "solid-palm-tree";
		};
/* End PBXContainerItemProxy section */

/* Begin PBXFileReference section */
		289AEF211F2731B200900C6E /* HistoryDataSource.swift */ = {isa = PBXFileReference; fileEncoding = 4; lastKnownFileType = sourcecode.swift; path = HistoryDataSource.swift; sourceTree = "<group>"; };
		28A359C41F23BD2500F2AE59 /* MenuOperator.swift */ = {isa = PBXFileReference; fileEncoding = 4; lastKnownFileType = sourcecode.swift; path = MenuOperator.swift; sourceTree = "<group>"; };
		28A359C61F23D70800F2AE59 /* ParkingStartVCDataSource.swift */ = {isa = PBXFileReference; fileEncoding = 4; lastKnownFileType = sourcecode.swift; path = ParkingStartVCDataSource.swift; sourceTree = "<group>"; };
		28A359C81F23EBFD00F2AE59 /* ParkingZone.swift */ = {isa = PBXFileReference; fileEncoding = 4; lastKnownFileType = sourcecode.swift; name = ParkingZone.swift; path = DataLayer/ParkingZone.swift; sourceTree = "<group>"; };
		28A359CB1F23F0C600F2AE59 /* APIClient.swift */ = {isa = PBXFileReference; fileEncoding = 4; lastKnownFileType = sourcecode.swift; name = APIClient.swift; path = APILayer/APIClient.swift; sourceTree = "<group>"; };
		28A359DA1F2502B600F2AE59 /* ListVC.swift */ = {isa = PBXFileReference; fileEncoding = 4; lastKnownFileType = sourcecode.swift; path = ListVC.swift; sourceTree = "<group>"; };
		28A359DB1F2502B600F2AE59 /* ListVCCellModel.swift */ = {isa = PBXFileReference; fileEncoding = 4; lastKnownFileType = sourcecode.swift; path = ListVCCellModel.swift; sourceTree = "<group>"; };
		28A359DE1F2503F800F2AE59 /* ParkingActionDataSource.swift */ = {isa = PBXFileReference; fileEncoding = 4; lastKnownFileType = sourcecode.swift; path = ParkingActionDataSource.swift; sourceTree = "<group>"; };
		28A359E01F2504B500F2AE59 /* ParkingAction.swift */ = {isa = PBXFileReference; fileEncoding = 4; lastKnownFileType = sourcecode.swift; name = ParkingAction.swift; path = DataLayer/ParkingAction.swift; sourceTree = "<group>"; };
		28A359E21F25053E00F2AE59 /* Vehicle.swift */ = {isa = PBXFileReference; fileEncoding = 4; lastKnownFileType = sourcecode.swift; name = Vehicle.swift; path = DataLayer/Vehicle.swift; sourceTree = "<group>"; };
		28A359E41F25158C00F2AE59 /* ProfileDataSource.swift */ = {isa = PBXFileReference; fileEncoding = 4; lastKnownFileType = sourcecode.swift; path = ProfileDataSource.swift; sourceTree = "<group>"; };
		28A359E61F2529B000F2AE59 /* VehiclesListDataSource.swift */ = {isa = PBXFileReference; fileEncoding = 4; lastKnownFileType = sourcecode.swift; path = VehiclesListDataSource.swift; sourceTree = "<group>"; };
		28A359E81F252D5200F2AE59 /* ListInputCell.swift */ = {isa = PBXFileReference; fileEncoding = 4; lastKnownFileType = sourcecode.swift; path = ListInputCell.swift; sourceTree = "<group>"; };
		28EC64A21F22759A00555D9C /* solid-palm-tree.app */ = {isa = PBXFileReference; explicitFileType = wrapper.application; includeInIndex = 0; path = "solid-palm-tree.app"; sourceTree = BUILT_PRODUCTS_DIR; };
		28EC64A51F22759A00555D9C /* AppDelegate.swift */ = {isa = PBXFileReference; lastKnownFileType = sourcecode.swift; path = AppDelegate.swift; sourceTree = "<group>"; };
		28EC64AA1F22759A00555D9C /* Base */ = {isa = PBXFileReference; lastKnownFileType = file.storyboard; name = Base; path = Base.lproj/Main.storyboard; sourceTree = "<group>"; };
		28EC64AC1F22759A00555D9C /* Assets.xcassets */ = {isa = PBXFileReference; lastKnownFileType = folder.assetcatalog; path = Assets.xcassets; sourceTree = "<group>"; };
		28EC64AF1F22759A00555D9C /* Base */ = {isa = PBXFileReference; lastKnownFileType = file.storyboard; name = Base; path = Base.lproj/LaunchScreen.storyboard; sourceTree = "<group>"; };
		28EC64B11F22759A00555D9C /* Info.plist */ = {isa = PBXFileReference; lastKnownFileType = text.plist.xml; path = Info.plist; sourceTree = "<group>"; };
		28EC64B61F22759A00555D9C /* solid-palm-treeTests.xctest */ = {isa = PBXFileReference; explicitFileType = wrapper.cfbundle; includeInIndex = 0; path = "solid-palm-treeTests.xctest"; sourceTree = BUILT_PRODUCTS_DIR; };
		28EC64BA1F22759A00555D9C /* solid_palm_treeTests.swift */ = {isa = PBXFileReference; lastKnownFileType = sourcecode.swift; path = solid_palm_treeTests.swift; sourceTree = "<group>"; };
		28EC64BC1F22759A00555D9C /* Info.plist */ = {isa = PBXFileReference; lastKnownFileType = text.plist.xml; path = Info.plist; sourceTree = "<group>"; };
		28EC64C51F22762900555D9C /* Interactor.swift */ = {isa = PBXFileReference; fileEncoding = 4; lastKnownFileType = sourcecode.swift; path = Interactor.swift; sourceTree = "<group>"; };
		28EC64CA1F227CFA00555D9C /* SceneFactory.swift */ = {isa = PBXFileReference; fileEncoding = 4; lastKnownFileType = sourcecode.swift; path = SceneFactory.swift; sourceTree = "<group>"; };
		28EC64CD1F232C7C00555D9C /* DataService.swift */ = {isa = PBXFileReference; fileEncoding = 4; lastKnownFileType = sourcecode.swift; name = DataService.swift; path = DataLayer/DataService.swift; sourceTree = "<group>"; };
		28EC64CF1F232C9700555D9C /* User.swift */ = {isa = PBXFileReference; fileEncoding = 4; lastKnownFileType = sourcecode.swift; name = User.swift; path = DataLayer/User.swift; sourceTree = "<group>"; };
		28EC64DB1F2330A700555D9C /* ParkingStartVC.swift */ = {isa = PBXFileReference; fileEncoding = 4; lastKnownFileType = sourcecode.swift; path = ParkingStartVC.swift; sourceTree = "<group>"; };
		28EC64DD1F23456100555D9C /* LoginVCDataSource.swift */ = {isa = PBXFileReference; fileEncoding = 4; lastKnownFileType = sourcecode.swift; path = LoginVCDataSource.swift; sourceTree = "<group>"; };
		28EC64E41F23A67C00555D9C /* MapKit.framework */ = {isa = PBXFileReference; lastKnownFileType = wrapper.framework; name = MapKit.framework; path = System/Library/Frameworks/MapKit.framework; sourceTree = SDKROOT; };
/* End PBXFileReference section */

/* Begin PBXFrameworksBuildPhase section */
		28EC649F1F22759A00555D9C /* Frameworks */ = {
			isa = PBXFrameworksBuildPhase;
			buildActionMask = 2147483647;
			files = (
				28EC64E51F23A67C00555D9C /* MapKit.framework in Frameworks */,
			);
			runOnlyForDeploymentPostprocessing = 0;
		};
		28EC64B31F22759A00555D9C /* Frameworks */ = {
			isa = PBXFrameworksBuildPhase;
			buildActionMask = 2147483647;
			files = (
			);
			runOnlyForDeploymentPostprocessing = 0;
		};
/* End PBXFrameworksBuildPhase section */

/* Begin PBXGroup section */
		28A359CA1F23F07E00F2AE59 /* APILayer */ = {
			isa = PBXGroup;
			children = (
				28A359CB1F23F0C600F2AE59 /* APIClient.swift */,
			);
			name = APILayer;
			sourceTree = "<group>";
		};
		28A359D21F24EDDD00F2AE59 /* ParkingAction */ = {
			isa = PBXGroup;
			children = (
				28A359DE1F2503F800F2AE59 /* ParkingActionDataSource.swift */,
			);
			path = ParkingAction;
			sourceTree = "<group>";
		};
		28A359D91F2502B600F2AE59 /* List (Basic) */ = {
			isa = PBXGroup;
			children = (
				28A359DA1F2502B600F2AE59 /* ListVC.swift */,
				28A359DB1F2502B600F2AE59 /* ListVCCellModel.swift */,
				28A359E81F252D5200F2AE59 /* ListInputCell.swift */,
			);
			path = "List (Basic)";
			sourceTree = "<group>";
		};
		28EC64991F22759A00555D9C = {
			isa = PBXGroup;
			children = (
				28EC64A41F22759A00555D9C /* solid-palm-tree */,
				28EC64B91F22759A00555D9C /* solid-palm-treeTests */,
				28EC64A31F22759A00555D9C /* Products */,
				28EC64E31F23A67B00555D9C /* Frameworks */,
			);
			sourceTree = "<group>";
		};
		28EC64A31F22759A00555D9C /* Products */ = {
			isa = PBXGroup;
			children = (
				28EC64A21F22759A00555D9C /* solid-palm-tree.app */,
				28EC64B61F22759A00555D9C /* solid-palm-treeTests.xctest */,
			);
			name = Products;
			sourceTree = "<group>";
		};
		28EC64A41F22759A00555D9C /* solid-palm-tree */ = {
			isa = PBXGroup;
			children = (
				28A359CA1F23F07E00F2AE59 /* APILayer */,
				28EC64D31F23308200555D9C /* Scenes */,
				28EC64CC1F232C3B00555D9C /* DataLayer */,
				28EC64A51F22759A00555D9C /* AppDelegate.swift */,
				28EC64C51F22762900555D9C /* Interactor.swift */,
				28A359C41F23BD2500F2AE59 /* MenuOperator.swift */,
				28EC64CA1F227CFA00555D9C /* SceneFactory.swift */,
				28EC64A91F22759A00555D9C /* Main.storyboard */,
				28EC64AC1F22759A00555D9C /* Assets.xcassets */,
				28EC64AE1F22759A00555D9C /* LaunchScreen.storyboard */,
				28EC64B11F22759A00555D9C /* Info.plist */,
			);
			path = "solid-palm-tree";
			sourceTree = "<group>";
		};
		28EC64B91F22759A00555D9C /* solid-palm-treeTests */ = {
			isa = PBXGroup;
			children = (
				28EC64BA1F22759A00555D9C /* solid_palm_treeTests.swift */,
				28EC64BC1F22759A00555D9C /* Info.plist */,
			);
			path = "solid-palm-treeTests";
			sourceTree = "<group>";
		};
		28EC64CC1F232C3B00555D9C /* DataLayer */ = {
			isa = PBXGroup;
			children = (
				28EC64CD1F232C7C00555D9C /* DataService.swift */,
				28EC64CF1F232C9700555D9C /* User.swift */,
				28A359C81F23EBFD00F2AE59 /* ParkingZone.swift */,
				28A359E01F2504B500F2AE59 /* ParkingAction.swift */,
				28A359E21F25053E00F2AE59 /* Vehicle.swift */,
			);
			name = DataLayer;
			sourceTree = "<group>";
		};
		28EC64D31F23308200555D9C /* Scenes */ = {
			isa = PBXGroup;
			children = (
				28A359D91F2502B600F2AE59 /* List (Basic) */,
				28EC64D41F23308200555D9C /* History */,
				28EC64D51F23308200555D9C /* Login */,
				28A359D21F24EDDD00F2AE59 /* ParkingAction */,
				28EC64D81F23308200555D9C /* ParkingStart */,
				28EC64D91F23308200555D9C /* Profile */,
			);
			path = Scenes;
			sourceTree = "<group>";
		};
		28EC64D41F23308200555D9C /* History */ = {
			isa = PBXGroup;
			children = (
				289AEF211F2731B200900C6E /* HistoryDataSource.swift */,
			);
			path = History;
			sourceTree = "<group>";
		};
		28EC64D51F23308200555D9C /* Login */ = {
			isa = PBXGroup;
			children = (
				28EC64DD1F23456100555D9C /* LoginVCDataSource.swift */,
			);
			path = Login;
			sourceTree = "<group>";
		};
		28EC64D81F23308200555D9C /* ParkingStart */ = {
			isa = PBXGroup;
			children = (
				28EC64DB1F2330A700555D9C /* ParkingStartVC.swift */,
				28A359C61F23D70800F2AE59 /* ParkingStartVCDataSource.swift */,
			);
			path = ParkingStart;
			sourceTree = "<group>";
		};
		28EC64D91F23308200555D9C /* Profile */ = {
			isa = PBXGroup;
			children = (
				28A359E41F25158C00F2AE59 /* ProfileDataSource.swift */,
				28A359E61F2529B000F2AE59 /* VehiclesListDataSource.swift */,
			);
			path = Profile;
			sourceTree = "<group>";
		};
		28EC64E31F23A67B00555D9C /* Frameworks */ = {
			isa = PBXGroup;
			children = (
				28EC64E41F23A67C00555D9C /* MapKit.framework */,
			);
			name = Frameworks;
			sourceTree = "<group>";
		};
/* End PBXGroup section */

/* Begin PBXNativeTarget section */
		28EC64A11F22759A00555D9C /* solid-palm-tree */ = {
			isa = PBXNativeTarget;
			buildConfigurationList = 28EC64BF1F22759A00555D9C /* Build configuration list for PBXNativeTarget "solid-palm-tree" */;
			buildPhases = (
				28EC649E1F22759A00555D9C /* Sources */,
				28EC649F1F22759A00555D9C /* Frameworks */,
				28EC64A01F22759A00555D9C /* Resources */,
			);
			buildRules = (
			);
			dependencies = (
			);
			name = "solid-palm-tree";
			productName = "solid-palm-tree";
			productReference = 28EC64A21F22759A00555D9C /* solid-palm-tree.app */;
			productType = "com.apple.product-type.application";
		};
		28EC64B51F22759A00555D9C /* solid-palm-treeTests */ = {
			isa = PBXNativeTarget;
			buildConfigurationList = 28EC64C21F22759A00555D9C /* Build configuration list for PBXNativeTarget "solid-palm-treeTests" */;
			buildPhases = (
				28EC64B21F22759A00555D9C /* Sources */,
				28EC64B31F22759A00555D9C /* Frameworks */,
				28EC64B41F22759A00555D9C /* Resources */,
			);
			buildRules = (
			);
			dependencies = (
				28EC64B81F22759A00555D9C /* PBXTargetDependency */,
			);
			name = "solid-palm-treeTests";
			productName = "solid-palm-treeTests";
			productReference = 28EC64B61F22759A00555D9C /* solid-palm-treeTests.xctest */;
			productType = "com.apple.product-type.bundle.unit-test";
		};
/* End PBXNativeTarget section */

/* Begin PBXProject section */
		28EC649A1F22759A00555D9C /* Project object */ = {
			isa = PBXProject;
			attributes = {
				LastSwiftUpdateCheck = 0820;
				LastUpgradeCheck = 0820;
				ORGANIZATIONNAME = DI;
				TargetAttributes = {
					28EC64A11F22759A00555D9C = {
						CreatedOnToolsVersion = 8.2;
						ProvisioningStyle = Automatic;
					};
					28EC64B51F22759A00555D9C = {
						CreatedOnToolsVersion = 8.2;
						ProvisioningStyle = Automatic;
						TestTargetID = 28EC64A11F22759A00555D9C;
					};
				};
			};
			buildConfigurationList = 28EC649D1F22759A00555D9C /* Build configuration list for PBXProject "solid-palm-tree" */;
			compatibilityVersion = "Xcode 3.2";
			developmentRegion = English;
			hasScannedForEncodings = 0;
			knownRegions = (
				en,
				Base,
			);
			mainGroup = 28EC64991F22759A00555D9C;
			productRefGroup = 28EC64A31F22759A00555D9C /* Products */;
			projectDirPath = "";
			projectRoot = "";
			targets = (
				28EC64A11F22759A00555D9C /* solid-palm-tree */,
				28EC64B51F22759A00555D9C /* solid-palm-treeTests */,
			);
		};
/* End PBXProject section */

/* Begin PBXResourcesBuildPhase section */
		28EC64A01F22759A00555D9C /* Resources */ = {
			isa = PBXResourcesBuildPhase;
			buildActionMask = 2147483647;
			files = (
				28EC64B01F22759A00555D9C /* LaunchScreen.storyboard in Resources */,
				28EC64AD1F22759A00555D9C /* Assets.xcassets in Resources */,
				28EC64AB1F22759A00555D9C /* Main.storyboard in Resources */,
			);
			runOnlyForDeploymentPostprocessing = 0;
		};
		28EC64B41F22759A00555D9C /* Resources */ = {
			isa = PBXResourcesBuildPhase;
			buildActionMask = 2147483647;
			files = (
			);
			runOnlyForDeploymentPostprocessing = 0;
		};
/* End PBXResourcesBuildPhase section */

/* Begin PBXSourcesBuildPhase section */
		28EC649E1F22759A00555D9C /* Sources */ = {
			isa = PBXSourcesBuildPhase;
			buildActionMask = 2147483647;
			files = (
				28A359C51F23BD2500F2AE59 /* MenuOperator.swift in Sources */,
				28A359E11F2504B500F2AE59 /* ParkingAction.swift in Sources */,
				28A359DF1F2503F800F2AE59 /* ParkingActionDataSource.swift in Sources */,
				28A359DC1F2502B600F2AE59 /* ListVC.swift in Sources */,
				28A359CC1F23F0C600F2AE59 /* APIClient.swift in Sources */,
				28EC64C61F22762900555D9C /* Interactor.swift in Sources */,
				28EC64CB1F227CFA00555D9C /* SceneFactory.swift in Sources */,
				289AEF221F2731B300900C6E /* HistoryDataSource.swift in Sources */,
				28EC64DC1F2330A700555D9C /* ParkingStartVC.swift in Sources */,
				28A359E31F25053E00F2AE59 /* Vehicle.swift in Sources */,
				28A359E71F2529B000F2AE59 /* VehiclesListDataSource.swift in Sources */,
				28EC64D01F232C9700555D9C /* User.swift in Sources */,
				28EC64A61F22759A00555D9C /* AppDelegate.swift in Sources */,
				28EC64CE1F232C7C00555D9C /* DataService.swift in Sources */,
				28A359E91F252D5200F2AE59 /* ListInputCell.swift in Sources */,
				28A359E51F25158C00F2AE59 /* ProfileDataSource.swift in Sources */,
				28EC64DE1F23456100555D9C /* LoginVCDataSource.swift in Sources */,
				28A359C91F23EBFD00F2AE59 /* ParkingZone.swift in Sources */,
				28A359DD1F2502B600F2AE59 /* ListVCCellModel.swift in Sources */,
				28A359C71F23D70800F2AE59 /* ParkingStartVCDataSource.swift in Sources */,
			);
			runOnlyForDeploymentPostprocessing = 0;
		};
		28EC64B21F22759A00555D9C /* Sources */ = {
			isa = PBXSourcesBuildPhase;
			buildActionMask = 2147483647;
			files = (
				28EC64BB1F22759A00555D9C /* solid_palm_treeTests.swift in Sources */,
			);
			runOnlyForDeploymentPostprocessing = 0;
		};
/* End PBXSourcesBuildPhase section */

/* Begin PBXTargetDependency section */
		28EC64B81F22759A00555D9C /* PBXTargetDependency */ = {
			isa = PBXTargetDependency;
			target = 28EC64A11F22759A00555D9C /* solid-palm-tree */;
			targetProxy = 28EC64B71F22759A00555D9C /* PBXContainerItemProxy */;
		};
/* End PBXTargetDependency section */

/* Begin PBXVariantGroup section */
		28EC64A91F22759A00555D9C /* Main.storyboard */ = {
			isa = PBXVariantGroup;
			children = (
				28EC64AA1F22759A00555D9C /* Base */,
			);
			name = Main.storyboard;
			sourceTree = "<group>";
		};
		28EC64AE1F22759A00555D9C /* LaunchScreen.storyboard */ = {
			isa = PBXVariantGroup;
			children = (
				28EC64AF1F22759A00555D9C /* Base */,
			);
			name = LaunchScreen.storyboard;
			sourceTree = "<group>";
		};
/* End PBXVariantGroup section */

/* Begin XCBuildConfiguration section */
		28EC64BD1F22759A00555D9C /* Debug */ = {
			isa = XCBuildConfiguration;
			buildSettings = {
				ALWAYS_SEARCH_USER_PATHS = NO;
				CLANG_ANALYZER_NONNULL = YES;
				CLANG_CXX_LANGUAGE_STANDARD = "gnu++0x";
				CLANG_CXX_LIBRARY = "libc++";
				CLANG_ENABLE_MODULES = YES;
				CLANG_ENABLE_OBJC_ARC = YES;
				CLANG_WARN_BOOL_CONVERSION = YES;
				CLANG_WARN_CONSTANT_CONVERSION = YES;
				CLANG_WARN_DIRECT_OBJC_ISA_USAGE = YES_ERROR;
				CLANG_WARN_DOCUMENTATION_COMMENTS = YES;
				CLANG_WARN_EMPTY_BODY = YES;
				CLANG_WARN_ENUM_CONVERSION = YES;
				CLANG_WARN_INFINITE_RECURSION = YES;
				CLANG_WARN_INT_CONVERSION = YES;
				CLANG_WARN_OBJC_ROOT_CLASS = YES_ERROR;
				CLANG_WARN_SUSPICIOUS_MOVE = YES;
				CLANG_WARN_UNREACHABLE_CODE = YES;
				CLANG_WARN__DUPLICATE_METHOD_MATCH = YES;
				"CODE_SIGN_IDENTITY[sdk=iphoneos*]" = "iPhone Developer";
				COPY_PHASE_STRIP = NO;
				DEBUG_INFORMATION_FORMAT = dwarf;
				ENABLE_STRICT_OBJC_MSGSEND = YES;
				ENABLE_TESTABILITY = YES;
				GCC_C_LANGUAGE_STANDARD = gnu99;
				GCC_DYNAMIC_NO_PIC = NO;
				GCC_NO_COMMON_BLOCKS = YES;
				GCC_OPTIMIZATION_LEVEL = 0;
				GCC_PREPROCESSOR_DEFINITIONS = (
					"DEBUG=1",
					"$(inherited)",
				);
				GCC_WARN_64_TO_32_BIT_CONVERSION = YES;
				GCC_WARN_ABOUT_RETURN_TYPE = YES_ERROR;
				GCC_WARN_UNDECLARED_SELECTOR = YES;
				GCC_WARN_UNINITIALIZED_AUTOS = YES_AGGRESSIVE;
				GCC_WARN_UNUSED_FUNCTION = YES;
				GCC_WARN_UNUSED_VARIABLE = YES;
				IPHONEOS_DEPLOYMENT_TARGET = 10.2;
				MTL_ENABLE_DEBUG_INFO = YES;
				ONLY_ACTIVE_ARCH = YES;
				SDKROOT = iphoneos;
				SWIFT_ACTIVE_COMPILATION_CONDITIONS = DEBUG;
				SWIFT_OPTIMIZATION_LEVEL = "-Onone";
				TARGETED_DEVICE_FAMILY = "1,2";
			};
			name = Debug;
		};
		28EC64BE1F22759A00555D9C /* Release */ = {
			isa = XCBuildConfiguration;
			buildSettings = {
				ALWAYS_SEARCH_USER_PATHS = NO;
				CLANG_ANALYZER_NONNULL = YES;
				CLANG_CXX_LANGUAGE_STANDARD = "gnu++0x";
				CLANG_CXX_LIBRARY = "libc++";
				CLANG_ENABLE_MODULES = YES;
				CLANG_ENABLE_OBJC_ARC = YES;
				CLANG_WARN_BOOL_CONVERSION = YES;
				CLANG_WARN_CONSTANT_CONVERSION = YES;
				CLANG_WARN_DIRECT_OBJC_ISA_USAGE = YES_ERROR;
				CLANG_WARN_DOCUMENTATION_COMMENTS = YES;
				CLANG_WARN_EMPTY_BODY = YES;
				CLANG_WARN_ENUM_CONVERSION = YES;
				CLANG_WARN_INFINITE_RECURSION = YES;
				CLANG_WARN_INT_CONVERSION = YES;
				CLANG_WARN_OBJC_ROOT_CLASS = YES_ERROR;
				CLANG_WARN_SUSPICIOUS_MOVE = YES;
				CLANG_WARN_UNREACHABLE_CODE = YES;
				CLANG_WARN__DUPLICATE_METHOD_MATCH = YES;
				"CODE_SIGN_IDENTITY[sdk=iphoneos*]" = "iPhone Developer";
				COPY_PHASE_STRIP = NO;
				DEBUG_INFORMATION_FORMAT = "dwarf-with-dsym";
				ENABLE_NS_ASSERTIONS = NO;
				ENABLE_STRICT_OBJC_MSGSEND = YES;
				GCC_C_LANGUAGE_STANDARD = gnu99;
				GCC_NO_COMMON_BLOCKS = YES;
				GCC_WARN_64_TO_32_BIT_CONVERSION = YES;
				GCC_WARN_ABOUT_RETURN_TYPE = YES_ERROR;
				GCC_WARN_UNDECLARED_SELECTOR = YES;
				GCC_WARN_UNINITIALIZED_AUTOS = YES_AGGRESSIVE;
				GCC_WARN_UNUSED_FUNCTION = YES;
				GCC_WARN_UNUSED_VARIABLE = YES;
				IPHONEOS_DEPLOYMENT_TARGET = 10.2;
				MTL_ENABLE_DEBUG_INFO = NO;
				SDKROOT = iphoneos;
				SWIFT_OPTIMIZATION_LEVEL = "-Owholemodule";
				TARGETED_DEVICE_FAMILY = "1,2";
				VALIDATE_PRODUCT = YES;
			};
			name = Release;
		};
		28EC64C01F22759A00555D9C /* Debug */ = {
			isa = XCBuildConfiguration;
			buildSettings = {
				ASSETCATALOG_COMPILER_APPICON_NAME = AppIcon;
				INFOPLIST_FILE = "solid-palm-tree/Info.plist";
				LD_RUNPATH_SEARCH_PATHS = "$(inherited) @executable_path/Frameworks";
				PRODUCT_BUNDLE_IDENTIFIER = "DI.solid-palm-tree";
				PRODUCT_NAME = "$(TARGET_NAME)";
				SWIFT_VERSION = 3.0;
			};
			name = Debug;
		};
		28EC64C11F22759A00555D9C /* Release */ = {
			isa = XCBuildConfiguration;
			buildSettings = {
				ASSETCATALOG_COMPILER_APPICON_NAME = AppIcon;
				INFOPLIST_FILE = "solid-palm-tree/Info.plist";
				LD_RUNPATH_SEARCH_PATHS = "$(inherited) @executable_path/Frameworks";
				PRODUCT_BUNDLE_IDENTIFIER = "DI.solid-palm-tree";
				PRODUCT_NAME = "$(TARGET_NAME)";
				SWIFT_VERSION = 3.0;
			};
			name = Release;
		};
		28EC64C31F22759A00555D9C /* Debug */ = {
			isa = XCBuildConfiguration;
			buildSettings = {
				ALWAYS_EMBED_SWIFT_STANDARD_LIBRARIES = YES;
				BUNDLE_LOADER = "$(TEST_HOST)";
				INFOPLIST_FILE = "solid-palm-treeTests/Info.plist";
				LD_RUNPATH_SEARCH_PATHS = "$(inherited) @executable_path/Frameworks @loader_path/Frameworks";
				PRODUCT_BUNDLE_IDENTIFIER = "DI.solid-palm-treeTests";
				PRODUCT_NAME = "$(TARGET_NAME)";
				SWIFT_VERSION = 3.0;
				TEST_HOST = "$(BUILT_PRODUCTS_DIR)/solid-palm-tree.app/solid-palm-tree";
			};
			name = Debug;
		};
		28EC64C41F22759A00555D9C /* Release */ = {
			isa = XCBuildConfiguration;
			buildSettings = {
				ALWAYS_EMBED_SWIFT_STANDARD_LIBRARIES = YES;
				BUNDLE_LOADER = "$(TEST_HOST)";
				INFOPLIST_FILE = "solid-palm-treeTests/Info.plist";
				LD_RUNPATH_SEARCH_PATHS = "$(inherited) @executable_path/Frameworks @loader_path/Frameworks";
				PRODUCT_BUNDLE_IDENTIFIER = "DI.solid-palm-treeTests";
				PRODUCT_NAME = "$(TARGET_NAME)";
				SWIFT_VERSION = 3.0;
				TEST_HOST = "$(BUILT_PRODUCTS_DIR)/solid-palm-tree.app/solid-palm-tree";
			};
			name = Release;
		};
/* End XCBuildConfiguration section */

/* Begin XCConfigurationList section */
		28EC649D1F22759A00555D9C /* Build configuration list for PBXProject "solid-palm-tree" */ = {
			isa = XCConfigurationList;
			buildConfigurations = (
				28EC64BD1F22759A00555D9C /* Debug */,
				28EC64BE1F22759A00555D9C /* Release */,
			);
			defaultConfigurationIsVisible = 0;
			defaultConfigurationName = Release;
		};
		28EC64BF1F22759A00555D9C /* Build configuration list for PBXNativeTarget "solid-palm-tree" */ = {
			isa = XCConfigurationList;
			buildConfigurations = (
				28EC64C01F22759A00555D9C /* Debug */,
				28EC64C11F22759A00555D9C /* Release */,
			);
			defaultConfigurationIsVisible = 0;
			defaultConfigurationName = Release;
		};
		28EC64C21F22759A00555D9C /* Build configuration list for PBXNativeTarget "solid-palm-treeTests" */ = {
			isa = XCConfigurationList;
			buildConfigurations = (
				28EC64C31F22759A00555D9C /* Debug */,
				28EC64C41F22759A00555D9C /* Release */,
			);
			defaultConfigurationIsVisible = 0;
			defaultConfigurationName = Release;
		};
/* End XCConfigurationList section */
	};
	rootObject = 28EC649A1F22759A00555D9C /* Project object */;
}
